
Microsoft Visual Studio Solution File, Format Version 12.00
# Visual Studio Version 17
VisualStudioVersion = 17.7.34031.279
MinimumVisualStudioVersion = 10.0.40219.1
Project("{FAE04EC0-301F-11D3-BF4B-00C04F79EFBC}") = "Calculator", "Calculator\Calculator.csproj", "{B4D14639-B273-48B2-81BF-F60F57E1FBDC}"
EndProject
Global
	GlobalSection(SolutionConfigurationPlatforms) = preSolution
		Debug|Any CPU = Debug|Any CPU
		Release|Any CPU = Release|Any CPU
	EndGlobalSection
	GlobalSection(ProjectConfigurationPlatforms) = postSolution
		{B4D14639-B273-48B2-81BF-F60F57E1FBDC}.Debug|Any CPU.ActiveCfg = Debug|Any CPU
		{B4D14639-B273-48B2-81BF-F60F57E1FBDC}.Debug|Any CPU.Build.0 = Debug|Any CPU
		{B4D14639-B273-48B2-81BF-F60F57E1FBDC}.Release|Any CPU.ActiveCfg = Release|Any CPU
		{B4D14639-B273-48B2-81BF-F60F57E1FBDC}.Release|Any CPU.Build.0 = Release|Any CPU
	EndGlobalSection
	GlobalSection(SolutionProperties) = preSolution
		HideSolutionNode = FALSE
	EndGlobalSection
	GlobalSection(ExtensibilityGlobals) = postSolution
		SolutionGuid = {401A000C-A4BB-408F-85CB-06AE94C348D1}
	EndGlobalSection
EndGlobal
